
Microsoft Visual Studio Solution File, Format Version 12.00
# Visual Studio Version 16
VisualStudioVersion = 16.0.32413.511
MinimumVisualStudioVersion = 10.0.40219.1
Project("{FAE04EC0-301F-11D3-BF4B-00C04F79EFBC}") = "MyWebApplicationCourses", "MyWebApplicationCourses\MyWebApplicationCourses.csproj", "{F03D29EE-BCFD-4E7F-AA08-913DF8A5A62E}"
EndProject
Global
	GlobalSection(SolutionConfigurationPlatforms) = preSolution
		Debug|Any CPU = Debug|Any CPU
		Release|Any CPU = Release|Any CPU
	EndGlobalSection
	GlobalSection(ProjectConfigurationPlatforms) = postSolution
		{F03D29EE-BCFD-4E7F-AA08-913DF8A5A62E}.Debug|Any CPU.ActiveCfg = Debug|Any CPU
		{F03D29EE-BCFD-4E7F-AA08-913DF8A5A62E}.Debug|Any CPU.Build.0 = Debug|Any CPU
		{F03D29EE-BCFD-4E7F-AA08-913DF8A5A62E}.Release|Any CPU.ActiveCfg = Release|Any CPU
		{F03D29EE-BCFD-4E7F-AA08-913DF8A5A62E}.Release|Any CPU.Build.0 = Release|Any CPU
	EndGlobalSection
	GlobalSection(SolutionProperties) = preSolution
		HideSolutionNode = FALSE
	EndGlobalSection
	GlobalSection(ExtensibilityGlobals) = postSolution
		SolutionGuid = {A6AECD82-9C7E-4C66-8FE2-CEEA415B2338}
	EndGlobalSection
EndGlobal
